
Microsoft Visual Studio Solution File, Format Version 12.00
# Visual Studio Version 17
VisualStudioVersion = 17.3.32825.248
MinimumVisualStudioVersion = 10.0.40219.1
Project("{9A19103F-16F7-4668-BE54-9A1E7A4F7556}") = "Blog.Model", "Blog.Model\Blog.Model.csproj", "{0562BAE5-3872-4B20-87E9-4C7249AEA27B}"
EndProject
Project("{2150E333-8FDC-42A3-9474-1A3956D46DE8}") = "Solution Items", "Solution Items", "{D642BCD5-944E-4942-B0F5-E37E3AFB6E44}"
	ProjectSection(SolutionItems) = preProject
		Document.txt = Document.txt
	EndProjectSection
EndProject
Project("{9A19103F-16F7-4668-BE54-9A1E7A4F7556}") = "Blog.Dal", "Blog.Dal\Blog.Dal.csproj", "{7FE357C1-4B17-41D2-B125-C2E6509FF1B9}"
EndProject
Project("{9A19103F-16F7-4668-BE54-9A1E7A4F7556}") = "Blog.Web", "Blog.Web\Blog.Web.csproj", "{8CF1E92B-599A-4E95-BA0A-FAD5057F7662}"
EndProject
Global
	GlobalSection(SolutionConfigurationPlatforms) = preSolution
		Debug|Any CPU = Debug|Any CPU
		Release|Any CPU = Release|Any CPU
	EndGlobalSection
	GlobalSection(ProjectConfigurationPlatforms) = postSolution
		{0562BAE5-3872-4B20-87E9-4C7249AEA27B}.Debug|Any CPU.ActiveCfg = Debug|Any CPU
		{0562BAE5-3872-4B20-87E9-4C7249AEA27B}.Debug|Any CPU.Build.0 = Debug|Any CPU
		{0562BAE5-3872-4B20-87E9-4C7249AEA27B}.Release|Any CPU.ActiveCfg = Release|Any CPU
		{0562BAE5-3872-4B20-87E9-4C7249AEA27B}.Release|Any CPU.Build.0 = Release|Any CPU
		{7FE357C1-4B17-41D2-B125-C2E6509FF1B9}.Debug|Any CPU.ActiveCfg = Debug|Any CPU
		{7FE357C1-4B17-41D2-B125-C2E6509FF1B9}.Debug|Any CPU.Build.0 = Debug|Any CPU
		{7FE357C1-4B17-41D2-B125-C2E6509FF1B9}.Release|Any CPU.ActiveCfg = Release|Any CPU
		{7FE357C1-4B17-41D2-B125-C2E6509FF1B9}.Release|Any CPU.Build.0 = Release|Any CPU
		{8CF1E92B-599A-4E95-BA0A-FAD5057F7662}.Debug|Any CPU.ActiveCfg = Debug|Any CPU
		{8CF1E92B-599A-4E95-BA0A-FAD5057F7662}.Debug|Any CPU.Build.0 = Debug|Any CPU
		{8CF1E92B-599A-4E95-BA0A-FAD5057F7662}.Release|Any CPU.ActiveCfg = Release|Any CPU
		{8CF1E92B-599A-4E95-BA0A-FAD5057F7662}.Release|Any CPU.Build.0 = Release|Any CPU
	EndGlobalSection
	GlobalSection(SolutionProperties) = preSolution
		HideSolutionNode = FALSE
	EndGlobalSection
	GlobalSection(ExtensibilityGlobals) = postSolution
		SolutionGuid = {FD9141D0-14A5-404D-BA40-C40CD2DC7298}
	EndGlobalSection
EndGlobal
